
Microsoft Visual Studio Solution File, Format Version 12.00
# Visual Studio Version 17
VisualStudioVersion = 17.2.32505.173
MinimumVisualStudioVersion = 10.0.40219.1
Project("{8BC9CEB8-8B4A-11D0-8D11-00A0C91BC942}") = "88", "88.vcxproj", "{B2F1424A-4825-4440-A337-82E8B2A2359F}"
EndProject
Global
	GlobalSection(SolutionConfigurationPlatforms) = preSolution
		Debug|x64 = Debug|x64
		Debug|x86 = Debug|x86
		Release|x64 = Release|x64
		Release|x86 = Release|x86
	EndGlobalSection
	GlobalSection(ProjectConfigurationPlatforms) = postSolution
		{B2F1424A-4825-4440-A337-82E8B2A2359F}.Debug|x64.ActiveCfg = Debug|x64
		{B2F1424A-4825-4440-A337-82E8B2A2359F}.Debug|x64.Build.0 = Debug|x64
		{B2F1424A-4825-4440-A337-82E8B2A2359F}.Debug|x86.ActiveCfg = Debug|Win32
		{B2F1424A-4825-4440-A337-82E8B2A2359F}.Debug|x86.Build.0 = Debug|Win32
		{B2F1424A-4825-4440-A337-82E8B2A2359F}.Release|x64.ActiveCfg = Release|x64
		{B2F1424A-4825-4440-A337-82E8B2A2359F}.Release|x64.Build.0 = Release|x64
		{B2F1424A-4825-4440-A337-82E8B2A2359F}.Release|x86.ActiveCfg = Release|Win32
		{B2F1424A-4825-4440-A337-82E8B2A2359F}.Release|x86.Build.0 = Release|Win32
	EndGlobalSection
	GlobalSection(SolutionProperties) = preSolution
		HideSolutionNode = FALSE
	EndGlobalSection
	GlobalSection(ExtensibilityGlobals) = postSolution
		SolutionGuid = {F37E845D-E8B4-4576-9825-21A9426A13D3}
	EndGlobalSection
EndGlobal
